# This file is automatically @generated by Cargo.
# It is not intended for manual editing.
version = 3

[[package]]
name = "arrayvec"
version = "0.7.4"
source = "registry+https://github.com/rust-lang/crates.io-index"
checksum = "96d30a06541fbafbc7f82ed10c06164cfbd2c401138f6addd8404629c4b16711"

[[package]]
name = "diff"
version = "0.1.0"

[[package]]
name = "htree"
version = "0.1.0"
dependencies = [
 "arrayvec",
 "diff",
 "range-cmp",
]

[[package]]
name = "range-cmp"
version = "0.1.0"
source = "git+https://github.com/Akvize/range-cmp#cdcc461176bc07a2ba1733cf773d07231b8cb6eb"
